
Microsoft Visual Studio Solution File, Format Version 12.00
# Visual Studio Version 17
VisualStudioVersion = 17.14.36109.1
MinimumVisualStudioVersion = 10.0.40219.1
Project("{FAE04EC0-301F-11D3-BF4B-00C04F79EFBC}") = "RubiksCubeChallenge", "RubiksCube\RubiksCubeChallenge.csproj", "{4B9F2AD6-0073-4EF3-A852-B0F4077B1312}"
EndProject
Project("{FAE04EC0-301F-11D3-BF4B-00C04F79EFBC}") = "RubiksCubeChallenge.Tests", "RubiksCubeChallenge.Tests\RubiksCubeChallenge.Tests.csproj", "{8D0D78D1-1B14-4EF0-9A8D-A8F5552DD828}"
EndProject
Project("{FAE04EC0-301F-11D3-BF4B-00C04F79EFBC}") = "RubiksCubeChallenge.API", "RubiksCubeChallenge.API\RubiksCubeChallenge.API.csproj", "{6E5C3783-B127-4248-9EFF-5CC52A4E7136}"
EndProject
Global
	GlobalSection(SolutionConfigurationPlatforms) = preSolution
		Debug|Any CPU = Debug|Any CPU
		Release|Any CPU = Release|Any CPU
	EndGlobalSection
	GlobalSection(ProjectConfigurationPlatforms) = postSolution
		{4B9F2AD6-0073-4EF3-A852-B0F4077B1312}.Debug|Any CPU.ActiveCfg = Debug|Any CPU
		{4B9F2AD6-0073-4EF3-A852-B0F4077B1312}.Debug|Any CPU.Build.0 = Debug|Any CPU
		{4B9F2AD6-0073-4EF3-A852-B0F4077B1312}.Release|Any CPU.ActiveCfg = Release|Any CPU
		{4B9F2AD6-0073-4EF3-A852-B0F4077B1312}.Release|Any CPU.Build.0 = Release|Any CPU
		{8D0D78D1-1B14-4EF0-9A8D-A8F5552DD828}.Debug|Any CPU.ActiveCfg = Debug|Any CPU
		{8D0D78D1-1B14-4EF0-9A8D-A8F5552DD828}.Debug|Any CPU.Build.0 = Debug|Any CPU
		{8D0D78D1-1B14-4EF0-9A8D-A8F5552DD828}.Release|Any CPU.ActiveCfg = Release|Any CPU
		{8D0D78D1-1B14-4EF0-9A8D-A8F5552DD828}.Release|Any CPU.Build.0 = Release|Any CPU
		{6E5C3783-B127-4248-9EFF-5CC52A4E7136}.Debug|Any CPU.ActiveCfg = Debug|Any CPU
		{6E5C3783-B127-4248-9EFF-5CC52A4E7136}.Debug|Any CPU.Build.0 = Debug|Any CPU
		{6E5C3783-B127-4248-9EFF-5CC52A4E7136}.Release|Any CPU.ActiveCfg = Release|Any CPU
		{6E5C3783-B127-4248-9EFF-5CC52A4E7136}.Release|Any CPU.Build.0 = Release|Any CPU
	EndGlobalSection
	GlobalSection(SolutionProperties) = preSolution
		HideSolutionNode = FALSE
	EndGlobalSection
	GlobalSection(ExtensibilityGlobals) = postSolution
		SolutionGuid = {A7707285-C6A4-43FA-B3BD-E1E6EB1EF650}
	EndGlobalSection
EndGlobal
